
Microsoft Visual Studio Solution File, Format Version 12.00
# Visual Studio Version 17
VisualStudioVersion = 17.0.31912.275
MinimumVisualStudioVersion = 10.0.40219.1
Project("{9A19103F-16F7-4668-BE54-9A1E7A4F7556}") = "AdventOfCode", "AdventOfCode\AdventOfCode.csproj", "{831F37E2-A6D9-46AE-B9BE-C6A15655EA7A}"
EndProject
Project("{2150E333-8FDC-42A3-9474-1A3956D46DE8}") = "Solution Items", "Solution Items", "{E38BA9D8-5C37-488B-B3A1-76D58FF929B6}"
	ProjectSection(SolutionItems) = preProject
		.gitignore = .gitignore
	EndProjectSection
EndProject
Project("{FAE04EC0-301F-11D3-BF4B-00C04F79EFBC}") = "AdeventOfCode.Tests", "AdeventOfCode.UnitTests\AdeventOfCode.Tests.csproj", "{40F34BA5-733D-47D6-BBBC-C1CF139ACF2B}"
EndProject
Global
	GlobalSection(SolutionConfigurationPlatforms) = preSolution
		Debug|Any CPU = Debug|Any CPU
		Release|Any CPU = Release|Any CPU
	EndGlobalSection
	GlobalSection(ProjectConfigurationPlatforms) = postSolution
		{831F37E2-A6D9-46AE-B9BE-C6A15655EA7A}.Debug|Any CPU.ActiveCfg = Debug|Any CPU
		{831F37E2-A6D9-46AE-B9BE-C6A15655EA7A}.Debug|Any CPU.Build.0 = Debug|Any CPU
		{831F37E2-A6D9-46AE-B9BE-C6A15655EA7A}.Release|Any CPU.ActiveCfg = Release|Any CPU
		{831F37E2-A6D9-46AE-B9BE-C6A15655EA7A}.Release|Any CPU.Build.0 = Release|Any CPU
		{40F34BA5-733D-47D6-BBBC-C1CF139ACF2B}.Debug|Any CPU.ActiveCfg = Debug|Any CPU
		{40F34BA5-733D-47D6-BBBC-C1CF139ACF2B}.Debug|Any CPU.Build.0 = Debug|Any CPU
		{40F34BA5-733D-47D6-BBBC-C1CF139ACF2B}.Release|Any CPU.ActiveCfg = Release|Any CPU
		{40F34BA5-733D-47D6-BBBC-C1CF139ACF2B}.Release|Any CPU.Build.0 = Release|Any CPU
	EndGlobalSection
	GlobalSection(SolutionProperties) = preSolution
		HideSolutionNode = FALSE
	EndGlobalSection
	GlobalSection(ExtensibilityGlobals) = postSolution
		SolutionGuid = {F8C499FB-FBA6-48A3-A1D1-A08CE1D83DAD}
	EndGlobalSection
EndGlobal
